
Microsoft Visual Studio Solution File, Format Version 12.00
# Visual Studio Version 17
VisualStudioVersion = 17.3.32825.248
MinimumVisualStudioVersion = 10.0.40219.1
Project("{FAE04EC0-301F-11D3-BF4B-00C04F79EFBC}") = "OpcAgent", "OpcAgent\OpcAgent.csproj", "{3C6438D4-DD7F-4536-854F-2D3A5EB9BBF5}"
EndProject
Global
	GlobalSection(SolutionConfigurationPlatforms) = preSolution
		Debug|Any CPU = Debug|Any CPU
		Release|Any CPU = Release|Any CPU
	EndGlobalSection
	GlobalSection(ProjectConfigurationPlatforms) = postSolution
		{3C6438D4-DD7F-4536-854F-2D3A5EB9BBF5}.Debug|Any CPU.ActiveCfg = Debug|Any CPU
		{3C6438D4-DD7F-4536-854F-2D3A5EB9BBF5}.Debug|Any CPU.Build.0 = Debug|Any CPU
		{3C6438D4-DD7F-4536-854F-2D3A5EB9BBF5}.Release|Any CPU.ActiveCfg = Release|Any CPU
		{3C6438D4-DD7F-4536-854F-2D3A5EB9BBF5}.Release|Any CPU.Build.0 = Release|Any CPU
	EndGlobalSection
	GlobalSection(SolutionProperties) = preSolution
		HideSolutionNode = FALSE
	EndGlobalSection
	GlobalSection(ExtensibilityGlobals) = postSolution
		SolutionGuid = {5637F899-82E2-4217-A0DA-BDF0B8764696}
	EndGlobalSection
EndGlobal
